// !$*UTF8*$!
{
	archiveVersion = 1;
	classes = {
	};
	objectVersion = 56;
	objects = {

/* Begin PBXBuildFile section */
		922661D729CF53600042D242 /* StopWatchManager.swift in Sources */ = {isa = PBXBuildFile; fileRef = 922661D629CF53600042D242 /* StopWatchManager.swift */; };
		922661D929CF53880042D242 /* StopWatchManagerView.swift in Sources */ = {isa = PBXBuildFile; fileRef = 922661D829CF53880042D242 /* StopWatchManagerView.swift */; };
		922661DC29D09BE40042D242 /* PitWindow.swift in Sources */ = {isa = PBXBuildFile; fileRef = 922661DB29D09BE40042D242 /* PitWindow.swift */; };
		9226CFC429CE37C80018C6DC /* Pit_Window_TimerApp.swift in Sources */ = {isa = PBXBuildFile; fileRef = 9226CFC329CE37C80018C6DC /* Pit_Window_TimerApp.swift */; };
		9226CFC629CE37C80018C6DC /* ContentView.swift in Sources */ = {isa = PBXBuildFile; fileRef = 9226CFC529CE37C80018C6DC /* ContentView.swift */; };
		9226CFC829CE37CB0018C6DC /* Assets.xcassets in Resources */ = {isa = PBXBuildFile; fileRef = 9226CFC729CE37CB0018C6DC /* Assets.xcassets */; };
		9226CFCB29CE37CB0018C6DC /* Preview Assets.xcassets in Resources */ = {isa = PBXBuildFile; fileRef = 9226CFCA29CE37CB0018C6DC /* Preview Assets.xcassets */; };
		928A98A929CE4FDF004B24FA /* StopwatchUnit.swift in Sources */ = {isa = PBXBuildFile; fileRef = 928A98A829CE4FDF004B24FA /* StopwatchUnit.swift */; };
		928A98AB29CE569E004B24FA /* Extensions.swift in Sources */ = {isa = PBXBuildFile; fileRef = 928A98AA29CE569E004B24FA /* Extensions.swift */; };
		928A98AF29CE836D004B24FA /* StopWatch.swift in Sources */ = {isa = PBXBuildFile; fileRef = 928A98AE29CE836D004B24FA /* StopWatch.swift */; };
		928A98B129CE8417004B24FA /* StopwatchView.swift in Sources */ = {isa = PBXBuildFile; fileRef = 928A98B029CE8417004B24FA /* StopwatchView.swift */; };
/* End PBXBuildFile section */

/* Begin PBXFileReference section */
		922661D629CF53600042D242 /* StopWatchManager.swift */ = {isa = PBXFileReference; lastKnownFileType = sourcecode.swift; path = StopWatchManager.swift; sourceTree = "<group>"; };
		922661D829CF53880042D242 /* StopWatchManagerView.swift */ = {isa = PBXFileReference; lastKnownFileType = sourcecode.swift; path = StopWatchManagerView.swift; sourceTree = "<group>"; };
		922661DB29D09BE40042D242 /* PitWindow.swift */ = {isa = PBXFileReference; lastKnownFileType = sourcecode.swift; path = PitWindow.swift; sourceTree = "<group>"; };
		9226CFC029CE37C80018C6DC /* Pit Window Timer.app */ = {isa = PBXFileReference; explicitFileType = wrapper.application; includeInIndex = 0; path = "Pit Window Timer.app"; sourceTree = BUILT_PRODUCTS_DIR; };
		9226CFC329CE37C80018C6DC /* Pit_Window_TimerApp.swift */ = {isa = PBXFileReference; lastKnownFileType = sourcecode.swift; path = Pit_Window_TimerApp.swift; sourceTree = "<group>"; };
		9226CFC529CE37C80018C6DC /* ContentView.swift */ = {isa = PBXFileReference; lastKnownFileType = sourcecode.swift; path = ContentView.swift; sourceTree = "<group>"; };
		9226CFC729CE37CB0018C6DC /* Assets.xcassets */ = {isa = PBXFileReference; lastKnownFileType = folder.assetcatalog; path = Assets.xcassets; sourceTree = "<group>"; };
		9226CFCA29CE37CB0018C6DC /* Preview Assets.xcassets */ = {isa = PBXFileReference; lastKnownFileType = folder.assetcatalog; path = "Preview Assets.xcassets"; sourceTree = "<group>"; };
		928A98A829CE4FDF004B24FA /* StopwatchUnit.swift */ = {isa = PBXFileReference; lastKnownFileType = sourcecode.swift; path = StopwatchUnit.swift; sourceTree = "<group>"; };
		928A98AA29CE569E004B24FA /* Extensions.swift */ = {isa = PBXFileReference; lastKnownFileType = sourcecode.swift; path = Extensions.swift; sourceTree = "<group>"; };
		928A98AE29CE836D004B24FA /* StopWatch.swift */ = {isa = PBXFileReference; lastKnownFileType = sourcecode.swift; path = StopWatch.swift; sourceTree = "<group>"; };
		928A98B029CE8417004B24FA /* StopwatchView.swift */ = {isa = PBXFileReference; lastKnownFileType = sourcecode.swift; path = StopwatchView.swift; sourceTree = "<group>"; };
/* End PBXFileReference section */

/* Begin PBXFrameworksBuildPhase section */
		9226CFBD29CE37C70018C6DC /* Frameworks */ = {
			isa = PBXFrameworksBuildPhase;
			buildActionMask = 2147483647;
			files = (
			);
			runOnlyForDeploymentPostprocessing = 0;
		};
/* End PBXFrameworksBuildPhase section */

/* Begin PBXGroup section */
		922661DA29D09BCC0042D242 /* Model */ = {
			isa = PBXGroup;
			children = (
				922661DB29D09BE40042D242 /* PitWindow.swift */,
			);
			path = Model;
			sourceTree = "<group>";
		};
		9226CFB729CE37C70018C6DC = {
			isa = PBXGroup;
			children = (
				9226CFC229CE37C80018C6DC /* Pit Window Timer */,
				9226CFC129CE37C80018C6DC /* Products */,
			);
			sourceTree = "<group>";
		};
		9226CFC129CE37C80018C6DC /* Products */ = {
			isa = PBXGroup;
			children = (
				9226CFC029CE37C80018C6DC /* Pit Window Timer.app */,
			);
			name = Products;
			sourceTree = "<group>";
		};
		9226CFC229CE37C80018C6DC /* Pit Window Timer */ = {
			isa = PBXGroup;
			children = (
				9226CFC329CE37C80018C6DC /* Pit_Window_TimerApp.swift */,
				9226CFC529CE37C80018C6DC /* ContentView.swift */,
				922661DA29D09BCC0042D242 /* Model */,
				928A98A329CE4D47004B24FA /* Helpers */,
				928A98A229CE4C9F004B24FA /* Views */,
				9226CFC729CE37CB0018C6DC /* Assets.xcassets */,
				9226CFC929CE37CB0018C6DC /* Preview Content */,
			);
			path = "Pit Window Timer";
			sourceTree = "<group>";
		};
		9226CFC929CE37CB0018C6DC /* Preview Content */ = {
			isa = PBXGroup;
			children = (
				9226CFCA29CE37CB0018C6DC /* Preview Assets.xcassets */,
			);
			path = "Preview Content";
			sourceTree = "<group>";
		};
		928A98A229CE4C9F004B24FA /* Views */ = {
			isa = PBXGroup;
			children = (
				928A98A829CE4FDF004B24FA /* StopwatchUnit.swift */,
				928A98B029CE8417004B24FA /* StopwatchView.swift */,
				922661D829CF53880042D242 /* StopWatchManagerView.swift */,
			);
			path = Views;
			sourceTree = "<group>";
		};
		928A98A329CE4D47004B24FA /* Helpers */ = {
			isa = PBXGroup;
			children = (
				928A98AE29CE836D004B24FA /* StopWatch.swift */,
				928A98AA29CE569E004B24FA /* Extensions.swift */,
				922661D629CF53600042D242 /* StopWatchManager.swift */,
			);
			path = Helpers;
			sourceTree = "<group>";
		};
/* End PBXGroup section */

/* Begin PBXNativeTarget section */
		9226CFBF29CE37C70018C6DC /* Pit Window Timer */ = {
			isa = PBXNativeTarget;
			buildConfigurationList = 9226CFCE29CE37CB0018C6DC /* Build configuration list for PBXNativeTarget "Pit Window Timer" */;
			buildPhases = (
				9226CFBC29CE37C70018C6DC /* Sources */,
				9226CFBD29CE37C70018C6DC /* Frameworks */,
				9226CFBE29CE37C70018C6DC /* Resources */,
			);
			buildRules = (
			);
			dependencies = (
			);
			name = "Pit Window Timer";
			productName = "Pit Window Timer";
			productReference = 9226CFC029CE37C80018C6DC /* Pit Window Timer.app */;
			productType = "com.apple.product-type.application";
		};
/* End PBXNativeTarget section */

/* Begin PBXProject section */
		9226CFB829CE37C70018C6DC /* Project object */ = {
			isa = PBXProject;
			attributes = {
				BuildIndependentTargetsInParallel = 1;
				LastSwiftUpdateCheck = 1420;
				LastUpgradeCheck = 1420;
				TargetAttributes = {
					9226CFBF29CE37C70018C6DC = {
						CreatedOnToolsVersion = 14.2;
					};
				};
			};
			buildConfigurationList = 9226CFBB29CE37C70018C6DC /* Build configuration list for PBXProject "Pit Window Timer" */;
			compatibilityVersion = "Xcode 14.0";
			developmentRegion = en;
			hasScannedForEncodings = 0;
			knownRegions = (
				en,
				Base,
			);
			mainGroup = 9226CFB729CE37C70018C6DC;
			productRefGroup = 9226CFC129CE37C80018C6DC /* Products */;
			projectDirPath = "";
			projectRoot = "";
			targets = (
				9226CFBF29CE37C70018C6DC /* Pit Window Timer */,
			);
		};
/* End PBXProject section */

/* Begin PBXResourcesBuildPhase section */
		9226CFBE29CE37C70018C6DC /* Resources */ = {
			isa = PBXResourcesBuildPhase;
			buildActionMask = 2147483647;
			files = (
				9226CFCB29CE37CB0018C6DC /* Preview Assets.xcassets in Resources */,
				9226CFC829CE37CB0018C6DC /* Assets.xcassets in Resources */,
			);
			runOnlyForDeploymentPostprocessing = 0;
		};
/* End PBXResourcesBuildPhase section */

/* Begin PBXSourcesBuildPhase section */
		9226CFBC29CE37C70018C6DC /* Sources */ = {
			isa = PBXSourcesBuildPhase;
			buildActionMask = 2147483647;
			files = (
				922661D929CF53880042D242 /* StopWatchManagerView.swift in Sources */,
				922661DC29D09BE40042D242 /* PitWindow.swift in Sources */,
				928A98AB29CE569E004B24FA /* Extensions.swift in Sources */,
				9226CFC629CE37C80018C6DC /* ContentView.swift in Sources */,
				9226CFC429CE37C80018C6DC /* Pit_Window_TimerApp.swift in Sources */,
				922661D729CF53600042D242 /* StopWatchManager.swift in Sources */,
				928A98AF29CE836D004B24FA /* StopWatch.swift in Sources */,
				928A98A929CE4FDF004B24FA /* StopwatchUnit.swift in Sources */,
				928A98B129CE8417004B24FA /* StopwatchView.swift in Sources */,
			);
			runOnlyForDeploymentPostprocessing = 0;
		};
/* End PBXSourcesBuildPhase section */

/* Begin XCBuildConfiguration section */
		9226CFCC29CE37CB0018C6DC /* Debug */ = {
			isa = XCBuildConfiguration;
			buildSettings = {
				ALWAYS_SEARCH_USER_PATHS = NO;
				CLANG_ANALYZER_NONNULL = YES;
				CLANG_ANALYZER_NUMBER_OBJECT_CONVERSION = YES_AGGRESSIVE;
				CLANG_CXX_LANGUAGE_STANDARD = "gnu++20";
				CLANG_ENABLE_MODULES = YES;
				CLANG_ENABLE_OBJC_ARC = YES;
				CLANG_ENABLE_OBJC_WEAK = YES;
				CLANG_WARN_BLOCK_CAPTURE_AUTORELEASING = YES;
				CLANG_WARN_BOOL_CONVERSION = YES;
				CLANG_WARN_COMMA = YES;
				CLANG_WARN_CONSTANT_CONVERSION = YES;
				CLANG_WARN_DEPRECATED_OBJC_IMPLEMENTATIONS = YES;
				CLANG_WARN_DIRECT_OBJC_ISA_USAGE = YES_ERROR;
				CLANG_WARN_DOCUMENTATION_COMMENTS = YES;
				CLANG_WARN_EMPTY_BODY = YES;
				CLANG_WARN_ENUM_CONVERSION = YES;
				CLANG_WARN_INFINITE_RECURSION = YES;
				CLANG_WARN_INT_CONVERSION = YES;
				CLANG_WARN_NON_LITERAL_NULL_CONVERSION = YES;
				CLANG_WARN_OBJC_IMPLICIT_RETAIN_SELF = YES;
				CLANG_WARN_OBJC_LITERAL_CONVERSION = YES;
				CLANG_WARN_OBJC_ROOT_CLASS = YES_ERROR;
				CLANG_WARN_QUOTED_INCLUDE_IN_FRAMEWORK_HEADER = YES;
				CLANG_WARN_RANGE_LOOP_ANALYSIS = YES;
				CLANG_WARN_STRICT_PROTOTYPES = YES;
				CLANG_WARN_SUSPICIOUS_MOVE = YES;
				CLANG_WARN_UNGUARDED_AVAILABILITY = YES_AGGRESSIVE;
				CLANG_WARN_UNREACHABLE_CODE = YES;
				CLANG_WARN__DUPLICATE_METHOD_MATCH = YES;
				COPY_PHASE_STRIP = NO;
				DEBUG_INFORMATION_FORMAT = dwarf;
				ENABLE_STRICT_OBJC_MSGSEND = YES;
				ENABLE_TESTABILITY = YES;
				GCC_C_LANGUAGE_STANDARD = gnu11;
				GCC_DYNAMIC_NO_PIC = NO;
				GCC_NO_COMMON_BLOCKS = YES;
				GCC_OPTIMIZATION_LEVEL = 0;
				GCC_PREPROCESSOR_DEFINITIONS = (
					"DEBUG=1",
					"$(inherited)",
				);
				GCC_WARN_64_TO_32_BIT_CONVERSION = YES;
				GCC_WARN_ABOUT_RETURN_TYPE = YES_ERROR;
				GCC_WARN_UNDECLARED_SELECTOR = YES;
				GCC_WARN_UNINITIALIZED_AUTOS = YES_AGGRESSIVE;
				GCC_WARN_UNUSED_FUNCTION = YES;
				GCC_WARN_UNUSED_VARIABLE = YES;
				IPHONEOS_DEPLOYMENT_TARGET = 16.0;
				MTL_ENABLE_DEBUG_INFO = INCLUDE_SOURCE;
				MTL_FAST_MATH = YES;
				ONLY_ACTIVE_ARCH = YES;
				SDKROOT = iphoneos;
				SWIFT_ACTIVE_COMPILATION_CONDITIONS = DEBUG;
				SWIFT_OPTIMIZATION_LEVEL = "-Onone";
			};
			name = Debug;
		};
		9226CFCD29CE37CB0018C6DC /* Release */ = {
			isa = XCBuildConfiguration;
			buildSettings = {
				ALWAYS_SEARCH_USER_PATHS = NO;
				CLANG_ANALYZER_NONNULL = YES;
				CLANG_ANALYZER_NUMBER_OBJECT_CONVERSION = YES_AGGRESSIVE;
				CLANG_CXX_LANGUAGE_STANDARD = "gnu++20";
				CLANG_ENABLE_MODULES = YES;
				CLANG_ENABLE_OBJC_ARC = YES;
				CLANG_ENABLE_OBJC_WEAK = YES;
				CLANG_WARN_BLOCK_CAPTURE_AUTORELEASING = YES;
				CLANG_WARN_BOOL_CONVERSION = YES;
				CLANG_WARN_COMMA = YES;
				CLANG_WARN_CONSTANT_CONVERSION = YES;
				CLANG_WARN_DEPRECATED_OBJC_IMPLEMENTATIONS = YES;
				CLANG_WARN_DIRECT_OBJC_ISA_USAGE = YES_ERROR;
				CLANG_WARN_DOCUMENTATION_COMMENTS = YES;
				CLANG_WARN_EMPTY_BODY = YES;
				CLANG_WARN_ENUM_CONVERSION = YES;
				CLANG_WARN_INFINITE_RECURSION = YES;
				CLANG_WARN_INT_CONVERSION = YES;
				CLANG_WARN_NON_LITERAL_NULL_CONVERSION = YES;
				CLANG_WARN_OBJC_IMPLICIT_RETAIN_SELF = YES;
				CLANG_WARN_OBJC_LITERAL_CONVERSION = YES;
				CLANG_WARN_OBJC_ROOT_CLASS = YES_ERROR;
				CLANG_WARN_QUOTED_INCLUDE_IN_FRAMEWORK_HEADER = YES;
				CLANG_WARN_RANGE_LOOP_ANALYSIS = YES;
				CLANG_WARN_STRICT_PROTOTYPES = YES;
				CLANG_WARN_SUSPICIOUS_MOVE = YES;
				CLANG_WARN_UNGUARDED_AVAILABILITY = YES_AGGRESSIVE;
				CLANG_WARN_UNREACHABLE_CODE = YES;
				CLANG_WARN__DUPLICATE_METHOD_MATCH = YES;
				COPY_PHASE_STRIP = NO;
				DEBUG_INFORMATION_FORMAT = "dwarf-with-dsym";
				ENABLE_NS_ASSERTIONS = NO;
				ENABLE_STRICT_OBJC_MSGSEND = YES;
				GCC_C_LANGUAGE_STANDARD = gnu11;
				GCC_NO_COMMON_BLOCKS = YES;
				GCC_WARN_64_TO_32_BIT_CONVERSION = YES;
				GCC_WARN_ABOUT_RETURN_TYPE = YES_ERROR;
				GCC_WARN_UNDECLARED_SELECTOR = YES;
				GCC_WARN_UNINITIALIZED_AUTOS = YES_AGGRESSIVE;
				GCC_WARN_UNUSED_FUNCTION = YES;
				GCC_WARN_UNUSED_VARIABLE = YES;
				IPHONEOS_DEPLOYMENT_TARGET = 16.0;
				MTL_ENABLE_DEBUG_INFO = NO;
				MTL_FAST_MATH = YES;
				SDKROOT = iphoneos;
				SWIFT_COMPILATION_MODE = wholemodule;
				SWIFT_OPTIMIZATION_LEVEL = "-O";
				VALIDATE_PRODUCT = YES;
			};
			name = Release;
		};
		9226CFCF29CE37CB0018C6DC /* Debug */ = {
			isa = XCBuildConfiguration;
			buildSettings = {
				ASSETCATALOG_COMPILER_APPICON_NAME = AppIcon;
				ASSETCATALOG_COMPILER_GLOBAL_ACCENT_COLOR_NAME = AccentColor;
				CODE_SIGN_STYLE = Automatic;
				CURRENT_PROJECT_VERSION = 2;
				DEVELOPMENT_ASSET_PATHS = "\"Pit Window Timer/Preview Content\"";
				DEVELOPMENT_TEAM = V42DTSJ439;
				ENABLE_PREVIEWS = YES;
				GENERATE_INFOPLIST_FILE = YES;
				INFOPLIST_KEY_UIApplicationSceneManifest_Generation = YES;
				INFOPLIST_KEY_UIApplicationSupportsIndirectInputEvents = YES;
				INFOPLIST_KEY_UILaunchScreen_Generation = YES;
				INFOPLIST_KEY_UISupportedInterfaceOrientations = UIInterfaceOrientationPortrait;
				INFOPLIST_KEY_UISupportedInterfaceOrientations_iPad = "UIInterfaceOrientationLandscapeLeft UIInterfaceOrientationLandscapeRight UIInterfaceOrientationPortrait UIInterfaceOrientationPortraitUpsideDown";
				LD_RUNPATH_SEARCH_PATHS = (
					"$(inherited)",
					"@executable_path/Frameworks",
				);
				MARKETING_VERSION = 1.2;
				PRODUCT_BUNDLE_IDENTIFIER = "com.allgibbo.Pit-Window-Timer";
				PRODUCT_NAME = "$(TARGET_NAME)";
				SWIFT_EMIT_LOC_STRINGS = YES;
				SWIFT_VERSION = 5.0;
				TARGETED_DEVICE_FAMILY = "1,2";
			};
			name = Debug;
		};
		9226CFD029CE37CB0018C6DC /* Release */ = {
			isa = XCBuildConfiguration;
			buildSettings = {
				ASSETCATALOG_COMPILER_APPICON_NAME = AppIcon;
				ASSETCATALOG_COMPILER_GLOBAL_ACCENT_COLOR_NAME = AccentColor;
				CODE_SIGN_STYLE = Automatic;
				CURRENT_PROJECT_VERSION = 2;
				DEVELOPMENT_ASSET_PATHS = "\"Pit Window Timer/Preview Content\"";
				DEVELOPMENT_TEAM = V42DTSJ439;
				ENABLE_PREVIEWS = YES;
				GENERATE_INFOPLIST_FILE = YES;
				INFOPLIST_KEY_UIApplicationSceneManifest_Generation = YES;
				INFOPLIST_KEY_UIApplicationSupportsIndirectInputEvents = YES;
				INFOPLIST_KEY_UILaunchScreen_Generation = YES;
				INFOPLIST_KEY_UISupportedInterfaceOrientations = UIInterfaceOrientationPortrait;
				INFOPLIST_KEY_UISupportedInterfaceOrientations_iPad = "UIInterfaceOrientationLandscapeLeft UIInterfaceOrientationLandscapeRight UIInterfaceOrientationPortrait UIInterfaceOrientationPortraitUpsideDown";
				LD_RUNPATH_SEARCH_PATHS = (
					"$(inherited)",
					"@executable_path/Frameworks",
				);
				MARKETING_VERSION = 1.2;
				PRODUCT_BUNDLE_IDENTIFIER = "com.allgibbo.Pit-Window-Timer";
				PRODUCT_NAME = "$(TARGET_NAME)";
				SWIFT_EMIT_LOC_STRINGS = YES;
				SWIFT_VERSION = 5.0;
				TARGETED_DEVICE_FAMILY = "1,2";
			};
			name = Release;
		};
/* End XCBuildConfiguration section */

/* Begin XCConfigurationList section */
		9226CFBB29CE37C70018C6DC /* Build configuration list for PBXProject "Pit Window Timer" */ = {
			isa = XCConfigurationList;
			buildConfigurations = (
				9226CFCC29CE37CB0018C6DC /* Debug */,
				9226CFCD29CE37CB0018C6DC /* Release */,
			);
			defaultConfigurationIsVisible = 0;
			defaultConfigurationName = Release;
		};
		9226CFCE29CE37CB0018C6DC /* Build configuration list for PBXNativeTarget "Pit Window Timer" */ = {
			isa = XCConfigurationList;
			buildConfigurations = (
				9226CFCF29CE37CB0018C6DC /* Debug */,
				9226CFD029CE37CB0018C6DC /* Release */,
			);
			defaultConfigurationIsVisible = 0;
			defaultConfigurationName = Release;
		};
/* End XCConfigurationList section */
	};
	rootObject = 9226CFB829CE37C70018C6DC /* Project object */;
}
